// !$*UTF8*$!
{
	archiveVersion = 1;
	classes = {
	};
	objectVersion = 46;
	objects = {

/* Begin PBXBuildFile section */
		70EC98741E885B6A00383346 /* Game.swift in Sources */ = {isa = PBXBuildFile; fileRef = 70EC98731E885B6A00383346 /* Game.swift */; };
		70EC98761E885BA600383346 /* Observer.swift in Sources */ = {isa = PBXBuildFile; fileRef = 70EC98751E885BA600383346 /* Observer.swift */; };
		70EC98781E885C0000383346 /* Strings.swift in Sources */ = {isa = PBXBuildFile; fileRef = 70EC98771E885C0000383346 /* Strings.swift */; };
		FF0FE17A1E8827AF0011B8D7 /* AppDelegate.swift in Sources */ = {isa = PBXBuildFile; fileRef = FF0FE1791E8827AF0011B8D7 /* AppDelegate.swift */; };
		FF0FE17C1E8827AF0011B8D7 /* MasterViewController.swift in Sources */ = {isa = PBXBuildFile; fileRef = FF0FE17B1E8827AF0011B8D7 /* MasterViewController.swift */; };
		FF0FE17E1E8827AF0011B8D7 /* DetailViewController.swift in Sources */ = {isa = PBXBuildFile; fileRef = FF0FE17D1E8827AF0011B8D7 /* DetailViewController.swift */; };
		FF0FE1811E8827AF0011B8D7 /* Main.storyboard in Resources */ = {isa = PBXBuildFile; fileRef = FF0FE17F1E8827AF0011B8D7 /* Main.storyboard */; };
		FF0FE1831E8827AF0011B8D7 /* Assets.xcassets in Resources */ = {isa = PBXBuildFile; fileRef = FF0FE1821E8827AF0011B8D7 /* Assets.xcassets */; };
		FF0FE1861E8827AF0011B8D7 /* LaunchScreen.storyboard in Resources */ = {isa = PBXBuildFile; fileRef = FF0FE1841E8827AF0011B8D7 /* LaunchScreen.storyboard */; };
		FF0FE1911E8827AF0011B8D7 /* COMP2601A4Client_100999500Tests.swift in Sources */ = {isa = PBXBuildFile; fileRef = FF0FE1901E8827AF0011B8D7 /* COMP2601A4Client_100999500Tests.swift */; };
		FF0FE19C1E8827AF0011B8D7 /* COMP2601A4Client_100999500UITests.swift in Sources */ = {isa = PBXBuildFile; fileRef = FF0FE19B1E8827AF0011B8D7 /* COMP2601A4Client_100999500UITests.swift */; };
		FF0FE1AC1E882A220011B8D7 /* GCDAsyncSocket.m in Sources */ = {isa = PBXBuildFile; fileRef = FF0FE1AB1E882A220011B8D7 /* GCDAsyncSocket.m */; };
		FF0FE1B21E882EBB0011B8D7 /* ServiceManager.swift in Sources */ = {isa = PBXBuildFile; fileRef = FF0FE1B11E882EBB0011B8D7 /* ServiceManager.swift */; };
		FF0FE1B41E882EEB0011B8D7 /* AcceptorReactor.swift in Sources */ = {isa = PBXBuildFile; fileRef = FF0FE1B31E882EEB0011B8D7 /* AcceptorReactor.swift */; };
		FF0FE1B61E882EF20011B8D7 /* Event.swift in Sources */ = {isa = PBXBuildFile; fileRef = FF0FE1B51E882EF20011B8D7 /* Event.swift */; };
		FF0FE1B81E882EF80011B8D7 /* EventStream.swift in Sources */ = {isa = PBXBuildFile; fileRef = FF0FE1B71E882EF80011B8D7 /* EventStream.swift */; };
		FF0FE1BA1E882EFD0011B8D7 /* JSONEventStream.swift in Sources */ = {isa = PBXBuildFile; fileRef = FF0FE1B91E882EFD0011B8D7 /* JSONEventStream.swift */; };
		FF0FE1BC1E882F030011B8D7 /* Reactor.swift in Sources */ = {isa = PBXBuildFile; fileRef = FF0FE1BB1E882F030011B8D7 /* Reactor.swift */; };
		FF0FE1BE1E882F080011B8D7 /* ReactorImpl.swift in Sources */ = {isa = PBXBuildFile; fileRef = FF0FE1BD1E882F080011B8D7 /* ReactorImpl.swift */; };
		FF0FE1C01E882F0F0011B8D7 /* Handlers.swift in Sources */ = {isa = PBXBuildFile; fileRef = FF0FE1BF1E882F0F0011B8D7 /* Handlers.swift */; };
		FF0FE1C21E882F170011B8D7 /* EventHandler.swift in Sources */ = {isa = PBXBuildFile; fileRef = FF0FE1C11E882F170011B8D7 /* EventHandler.swift */; };
		FF0FE1C41E8833460011B8D7 /* Talk.swift in Sources */ = {isa = PBXBuildFile; fileRef = FF0FE1C31E8833460011B8D7 /* Talk.swift */; };
/* End PBXBuildFile section */

/* Begin PBXContainerItemProxy section */
		FF0FE18D1E8827AF0011B8D7 /* PBXContainerItemProxy */ = {
			isa = PBXContainerItemProxy;
			containerPortal = FF0FE16E1E8827AF0011B8D7 /* Project object */;
			proxyType = 1;
			remoteGlobalIDString = FF0FE1751E8827AF0011B8D7;
			remoteInfo = "COMP2601A4Client-100999500";
		};
		FF0FE1981E8827AF0011B8D7 /* PBXContainerItemProxy */ = {
			isa = PBXContainerItemProxy;
			containerPortal = FF0FE16E1E8827AF0011B8D7 /* Project object */;
			proxyType = 1;
			remoteGlobalIDString = FF0FE1751E8827AF0011B8D7;
			remoteInfo = "COMP2601A4Client-100999500";
		};
/* End PBXContainerItemProxy section */

/* Begin PBXFileReference section */
		70EC98731E885B6A00383346 /* Game.swift */ = {isa = PBXFileReference; fileEncoding = 4; lastKnownFileType = sourcecode.swift; path = Game.swift; sourceTree = "<group>"; };
		70EC98751E885BA600383346 /* Observer.swift */ = {isa = PBXFileReference; fileEncoding = 4; lastKnownFileType = sourcecode.swift; path = Observer.swift; sourceTree = "<group>"; };
		70EC98771E885C0000383346 /* Strings.swift */ = {isa = PBXFileReference; fileEncoding = 4; lastKnownFileType = sourcecode.swift; path = Strings.swift; sourceTree = "<group>"; };
		FF0FE1761E8827AF0011B8D7 /* COMP2601A4Client-100999500.app */ = {isa = PBXFileReference; explicitFileType = wrapper.application; includeInIndex = 0; path = "COMP2601A4Client-100999500.app"; sourceTree = BUILT_PRODUCTS_DIR; };
		FF0FE1791E8827AF0011B8D7 /* AppDelegate.swift */ = {isa = PBXFileReference; lastKnownFileType = sourcecode.swift; path = AppDelegate.swift; sourceTree = "<group>"; };
		FF0FE17B1E8827AF0011B8D7 /* MasterViewController.swift */ = {isa = PBXFileReference; lastKnownFileType = sourcecode.swift; path = MasterViewController.swift; sourceTree = "<group>"; };
		FF0FE17D1E8827AF0011B8D7 /* DetailViewController.swift */ = {isa = PBXFileReference; lastKnownFileType = sourcecode.swift; path = DetailViewController.swift; sourceTree = "<group>"; };
		FF0FE1801E8827AF0011B8D7 /* Base */ = {isa = PBXFileReference; lastKnownFileType = file.storyboard; name = Base; path = Base.lproj/Main.storyboard; sourceTree = "<group>"; };
		FF0FE1821E8827AF0011B8D7 /* Assets.xcassets */ = {isa = PBXFileReference; lastKnownFileType = folder.assetcatalog; path = Assets.xcassets; sourceTree = "<group>"; };
		FF0FE1851E8827AF0011B8D7 /* Base */ = {isa = PBXFileReference; lastKnownFileType = file.storyboard; name = Base; path = Base.lproj/LaunchScreen.storyboard; sourceTree = "<group>"; };
		FF0FE1871E8827AF0011B8D7 /* Info.plist */ = {isa = PBXFileReference; lastKnownFileType = text.plist.xml; path = Info.plist; sourceTree = "<group>"; };
		FF0FE18C1E8827AF0011B8D7 /* COMP2601A4Client-100999500Tests.xctest */ = {isa = PBXFileReference; explicitFileType = wrapper.cfbundle; includeInIndex = 0; path = "COMP2601A4Client-100999500Tests.xctest"; sourceTree = BUILT_PRODUCTS_DIR; };
		FF0FE1901E8827AF0011B8D7 /* COMP2601A4Client_100999500Tests.swift */ = {isa = PBXFileReference; lastKnownFileType = sourcecode.swift; path = COMP2601A4Client_100999500Tests.swift; sourceTree = "<group>"; };
		FF0FE1921E8827AF0011B8D7 /* Info.plist */ = {isa = PBXFileReference; lastKnownFileType = text.plist.xml; path = Info.plist; sourceTree = "<group>"; };
		FF0FE1971E8827AF0011B8D7 /* COMP2601A4Client-100999500UITests.xctest */ = {isa = PBXFileReference; explicitFileType = wrapper.cfbundle; includeInIndex = 0; path = "COMP2601A4Client-100999500UITests.xctest"; sourceTree = BUILT_PRODUCTS_DIR; };
		FF0FE19B1E8827AF0011B8D7 /* COMP2601A4Client_100999500UITests.swift */ = {isa = PBXFileReference; lastKnownFileType = sourcecode.swift; path = COMP2601A4Client_100999500UITests.swift; sourceTree = "<group>"; };
		FF0FE19D1E8827AF0011B8D7 /* Info.plist */ = {isa = PBXFileReference; lastKnownFileType = text.plist.xml; path = Info.plist; sourceTree = "<group>"; };
		FF0FE1A91E882A210011B8D7 /* COMP2601A4Client-100999500-Bridging-Header.h */ = {isa = PBXFileReference; lastKnownFileType = sourcecode.c.h; path = "COMP2601A4Client-100999500-Bridging-Header.h"; sourceTree = "<group>"; };
		FF0FE1AA1E882A220011B8D7 /* GCDAsyncSocket.h */ = {isa = PBXFileReference; fileEncoding = 4; lastKnownFileType = sourcecode.c.h; path = GCDAsyncSocket.h; sourceTree = "<group>"; };
		FF0FE1AB1E882A220011B8D7 /* GCDAsyncSocket.m */ = {isa = PBXFileReference; fileEncoding = 4; lastKnownFileType = sourcecode.c.objc; path = GCDAsyncSocket.m; sourceTree = "<group>"; };
		FF0FE1B11E882EBB0011B8D7 /* ServiceManager.swift */ = {isa = PBXFileReference; fileEncoding = 4; lastKnownFileType = sourcecode.swift; path = ServiceManager.swift; sourceTree = "<group>"; };
		FF0FE1B31E882EEB0011B8D7 /* AcceptorReactor.swift */ = {isa = PBXFileReference; fileEncoding = 4; lastKnownFileType = sourcecode.swift; path = AcceptorReactor.swift; sourceTree = "<group>"; };
		FF0FE1B51E882EF20011B8D7 /* Event.swift */ = {isa = PBXFileReference; fileEncoding = 4; lastKnownFileType = sourcecode.swift; path = Event.swift; sourceTree = "<group>"; };
		FF0FE1B71E882EF80011B8D7 /* EventStream.swift */ = {isa = PBXFileReference; fileEncoding = 4; lastKnownFileType = sourcecode.swift; path = EventStream.swift; sourceTree = "<group>"; };
		FF0FE1B91E882EFD0011B8D7 /* JSONEventStream.swift */ = {isa = PBXFileReference; fileEncoding = 4; lastKnownFileType = sourcecode.swift; path = JSONEventStream.swift; sourceTree = "<group>"; };
		FF0FE1BB1E882F030011B8D7 /* Reactor.swift */ = {isa = PBXFileReference; fileEncoding = 4; lastKnownFileType = sourcecode.swift; path = Reactor.swift; sourceTree = "<group>"; };
		FF0FE1BD1E882F080011B8D7 /* ReactorImpl.swift */ = {isa = PBXFileReference; fileEncoding = 4; lastKnownFileType = sourcecode.swift; path = ReactorImpl.swift; sourceTree = "<group>"; };
		FF0FE1BF1E882F0F0011B8D7 /* Handlers.swift */ = {isa = PBXFileReference; fileEncoding = 4; lastKnownFileType = sourcecode.swift; path = Handlers.swift; sourceTree = "<group>"; };
		FF0FE1C11E882F170011B8D7 /* EventHandler.swift */ = {isa = PBXFileReference; fileEncoding = 4; lastKnownFileType = sourcecode.swift; path = EventHandler.swift; sourceTree = "<group>"; };
		FF0FE1C31E8833460011B8D7 /* Talk.swift */ = {isa = PBXFileReference; fileEncoding = 4; lastKnownFileType = sourcecode.swift; path = Talk.swift; sourceTree = "<group>"; };
/* End PBXFileReference section */

/* Begin PBXFrameworksBuildPhase section */
		FF0FE1731E8827AF0011B8D7 /* Frameworks */ = {
			isa = PBXFrameworksBuildPhase;
			buildActionMask = 2147483647;
			files = (
			);
			runOnlyForDeploymentPostprocessing = 0;
		};
		FF0FE1891E8827AF0011B8D7 /* Frameworks */ = {
			isa = PBXFrameworksBuildPhase;
			buildActionMask = 2147483647;
			files = (
			);
			runOnlyForDeploymentPostprocessing = 0;
		};
		FF0FE1941E8827AF0011B8D7 /* Frameworks */ = {
			isa = PBXFrameworksBuildPhase;
			buildActionMask = 2147483647;
			files = (
			);
			runOnlyForDeploymentPostprocessing = 0;
		};
/* End PBXFrameworksBuildPhase section */

/* Begin PBXGroup section */
		FF0FE16D1E8827AF0011B8D7 = {
			isa = PBXGroup;
			children = (
				FF0FE1781E8827AF0011B8D7 /* COMP2601A4Client-100999500 */,
				FF0FE18F1E8827AF0011B8D7 /* COMP2601A4Client-100999500Tests */,
				FF0FE19A1E8827AF0011B8D7 /* COMP2601A4Client-100999500UITests */,
				FF0FE1771E8827AF0011B8D7 /* Products */,
			);
			sourceTree = "<group>";
		};
		FF0FE1771E8827AF0011B8D7 /* Products */ = {
			isa = PBXGroup;
			children = (
				FF0FE1761E8827AF0011B8D7 /* COMP2601A4Client-100999500.app */,
				FF0FE18C1E8827AF0011B8D7 /* COMP2601A4Client-100999500Tests.xctest */,
				FF0FE1971E8827AF0011B8D7 /* COMP2601A4Client-100999500UITests.xctest */,
			);
			name = Products;
			sourceTree = "<group>";
		};
		FF0FE1781E8827AF0011B8D7 /* COMP2601A4Client-100999500 */ = {
			isa = PBXGroup;
			children = (
				FF0FE1AA1E882A220011B8D7 /* GCDAsyncSocket.h */,
				FF0FE1AB1E882A220011B8D7 /* GCDAsyncSocket.m */,
				FF0FE1791E8827AF0011B8D7 /* AppDelegate.swift */,
				FF0FE17B1E8827AF0011B8D7 /* MasterViewController.swift */,
				FF0FE1B11E882EBB0011B8D7 /* ServiceManager.swift */,
				FF0FE1C31E8833460011B8D7 /* Talk.swift */,
				FF0FE1B51E882EF20011B8D7 /* Event.swift */,
				FF0FE1B71E882EF80011B8D7 /* EventStream.swift */,
				FF0FE1B91E882EFD0011B8D7 /* JSONEventStream.swift */,
				FF0FE1BB1E882F030011B8D7 /* Reactor.swift */,
				FF0FE1BD1E882F080011B8D7 /* ReactorImpl.swift */,
				FF0FE1BF1E882F0F0011B8D7 /* Handlers.swift */,
				FF0FE1C11E882F170011B8D7 /* EventHandler.swift */,
				FF0FE1B31E882EEB0011B8D7 /* AcceptorReactor.swift */,
				FF0FE17D1E8827AF0011B8D7 /* DetailViewController.swift */,
				FF0FE17F1E8827AF0011B8D7 /* Main.storyboard */,
				FF0FE1821E8827AF0011B8D7 /* Assets.xcassets */,
				FF0FE1841E8827AF0011B8D7 /* LaunchScreen.storyboard */,
				FF0FE1871E8827AF0011B8D7 /* Info.plist */,
				FF0FE1A91E882A210011B8D7 /* COMP2601A4Client-100999500-Bridging-Header.h */,
				70EC98731E885B6A00383346 /* Game.swift */,
				70EC98751E885BA600383346 /* Observer.swift */,
				70EC98771E885C0000383346 /* Strings.swift */,
			);
			path = "COMP2601A4Client-100999500";
			sourceTree = "<group>";
		};
		FF0FE18F1E8827AF0011B8D7 /* COMP2601A4Client-100999500Tests */ = {
			isa = PBXGroup;
			children = (
				FF0FE1901E8827AF0011B8D7 /* COMP2601A4Client_100999500Tests.swift */,
				FF0FE1921E8827AF0011B8D7 /* Info.plist */,
			);
			path = "COMP2601A4Client-100999500Tests";
			sourceTree = "<group>";
		};
		FF0FE19A1E8827AF0011B8D7 /* COMP2601A4Client-100999500UITests */ = {
			isa = PBXGroup;
			children = (
				FF0FE19B1E8827AF0011B8D7 /* COMP2601A4Client_100999500UITests.swift */,
				FF0FE19D1E8827AF0011B8D7 /* Info.plist */,
			);
			path = "COMP2601A4Client-100999500UITests";
			sourceTree = "<group>";
		};
/* End PBXGroup section */

/* Begin PBXNativeTarget section */
		FF0FE1751E8827AF0011B8D7 /* COMP2601A4Client-100999500 */ = {
			isa = PBXNativeTarget;
			buildConfigurationList = FF0FE1A01E8827AF0011B8D7 /* Build configuration list for PBXNativeTarget "COMP2601A4Client-100999500" */;
			buildPhases = (
				FF0FE1721E8827AF0011B8D7 /* Sources */,
				FF0FE1731E8827AF0011B8D7 /* Frameworks */,
				FF0FE1741E8827AF0011B8D7 /* Resources */,
			);
			buildRules = (
			);
			dependencies = (
			);
			name = "COMP2601A4Client-100999500";
			productName = "COMP2601A4Client-100999500";
			productReference = FF0FE1761E8827AF0011B8D7 /* COMP2601A4Client-100999500.app */;
			productType = "com.apple.product-type.application";
		};
		FF0FE18B1E8827AF0011B8D7 /* COMP2601A4Client-100999500Tests */ = {
			isa = PBXNativeTarget;
			buildConfigurationList = FF0FE1A31E8827AF0011B8D7 /* Build configuration list for PBXNativeTarget "COMP2601A4Client-100999500Tests" */;
			buildPhases = (
				FF0FE1881E8827AF0011B8D7 /* Sources */,
				FF0FE1891E8827AF0011B8D7 /* Frameworks */,
				FF0FE18A1E8827AF0011B8D7 /* Resources */,
			);
			buildRules = (
			);
			dependencies = (
				FF0FE18E1E8827AF0011B8D7 /* PBXTargetDependency */,
			);
			name = "COMP2601A4Client-100999500Tests";
			productName = "COMP2601A4Client-100999500Tests";
			productReference = FF0FE18C1E8827AF0011B8D7 /* COMP2601A4Client-100999500Tests.xctest */;
			productType = "com.apple.product-type.bundle.unit-test";
		};
		FF0FE1961E8827AF0011B8D7 /* COMP2601A4Client-100999500UITests */ = {
			isa = PBXNativeTarget;
			buildConfigurationList = FF0FE1A61E8827AF0011B8D7 /* Build configuration list for PBXNativeTarget "COMP2601A4Client-100999500UITests" */;
			buildPhases = (
				FF0FE1931E8827AF0011B8D7 /* Sources */,
				FF0FE1941E8827AF0011B8D7 /* Frameworks */,
				FF0FE1951E8827AF0011B8D7 /* Resources */,
			);
			buildRules = (
			);
			dependencies = (
				FF0FE1991E8827AF0011B8D7 /* PBXTargetDependency */,
			);
			name = "COMP2601A4Client-100999500UITests";
			productName = "COMP2601A4Client-100999500UITests";
			productReference = FF0FE1971E8827AF0011B8D7 /* COMP2601A4Client-100999500UITests.xctest */;
			productType = "com.apple.product-type.bundle.ui-testing";
		};
/* End PBXNativeTarget section */

/* Begin PBXProject section */
		FF0FE16E1E8827AF0011B8D7 /* Project object */ = {
			isa = PBXProject;
			attributes = {
				LastSwiftUpdateCheck = 0830;
				LastUpgradeCheck = 0830;
				ORGANIZATIONNAME = "Avery Vine";
				TargetAttributes = {
					FF0FE1751E8827AF0011B8D7 = {
						CreatedOnToolsVersion = 8.3;
						DevelopmentTeam = 2Z33772VE8;
						LastSwiftMigration = 0830;
						ProvisioningStyle = Automatic;
					};
					FF0FE18B1E8827AF0011B8D7 = {
						CreatedOnToolsVersion = 8.3;
						DevelopmentTeam = 2Z33772VE8;
						ProvisioningStyle = Automatic;
						TestTargetID = FF0FE1751E8827AF0011B8D7;
					};
					FF0FE1961E8827AF0011B8D7 = {
						CreatedOnToolsVersion = 8.3;
						DevelopmentTeam = 2Z33772VE8;
						ProvisioningStyle = Automatic;
						TestTargetID = FF0FE1751E8827AF0011B8D7;
					};
				};
			};
			buildConfigurationList = FF0FE1711E8827AF0011B8D7 /* Build configuration list for PBXProject "COMP2601A4Client-100999500" */;
			compatibilityVersion = "Xcode 3.2";
			developmentRegion = English;
			hasScannedForEncodings = 0;
			knownRegions = (
				en,
				Base,
			);
			mainGroup = FF0FE16D1E8827AF0011B8D7;
			productRefGroup = FF0FE1771E8827AF0011B8D7 /* Products */;
			projectDirPath = "";
			projectRoot = "";
			targets = (
				FF0FE1751E8827AF0011B8D7 /* COMP2601A4Client-100999500 */,
				FF0FE18B1E8827AF0011B8D7 /* COMP2601A4Client-100999500Tests */,
				FF0FE1961E8827AF0011B8D7 /* COMP2601A4Client-100999500UITests */,
			);
		};
/* End PBXProject section */

/* Begin PBXResourcesBuildPhase section */
		FF0FE1741E8827AF0011B8D7 /* Resources */ = {
			isa = PBXResourcesBuildPhase;
			buildActionMask = 2147483647;
			files = (
				FF0FE1861E8827AF0011B8D7 /* LaunchScreen.storyboard in Resources */,
				FF0FE1831E8827AF0011B8D7 /* Assets.xcassets in Resources */,
				FF0FE1811E8827AF0011B8D7 /* Main.storyboard in Resources */,
			);
			runOnlyForDeploymentPostprocessing = 0;
		};
		FF0FE18A1E8827AF0011B8D7 /* Resources */ = {
			isa = PBXResourcesBuildPhase;
			buildActionMask = 2147483647;
			files = (
			);
			runOnlyForDeploymentPostprocessing = 0;
		};
		FF0FE1951E8827AF0011B8D7 /* Resources */ = {
			isa = PBXResourcesBuildPhase;
			buildActionMask = 2147483647;
			files = (
			);
			runOnlyForDeploymentPostprocessing = 0;
		};
/* End PBXResourcesBuildPhase section */

/* Begin PBXSourcesBuildPhase section */
		FF0FE1721E8827AF0011B8D7 /* Sources */ = {
			isa = PBXSourcesBuildPhase;
			buildActionMask = 2147483647;
			files = (
				FF0FE1AC1E882A220011B8D7 /* GCDAsyncSocket.m in Sources */,
				70EC98761E885BA600383346 /* Observer.swift in Sources */,
				70EC98741E885B6A00383346 /* Game.swift in Sources */,
				FF0FE1BE1E882F080011B8D7 /* ReactorImpl.swift in Sources */,
				FF0FE1C01E882F0F0011B8D7 /* Handlers.swift in Sources */,
				FF0FE17E1E8827AF0011B8D7 /* DetailViewController.swift in Sources */,
				FF0FE1B81E882EF80011B8D7 /* EventStream.swift in Sources */,
				FF0FE1C21E882F170011B8D7 /* EventHandler.swift in Sources */,
				FF0FE17C1E8827AF0011B8D7 /* MasterViewController.swift in Sources */,
				FF0FE1C41E8833460011B8D7 /* Talk.swift in Sources */,
				FF0FE1BC1E882F030011B8D7 /* Reactor.swift in Sources */,
				FF0FE1BA1E882EFD0011B8D7 /* JSONEventStream.swift in Sources */,
				70EC98781E885C0000383346 /* Strings.swift in Sources */,
				FF0FE1B41E882EEB0011B8D7 /* AcceptorReactor.swift in Sources */,
				FF0FE17A1E8827AF0011B8D7 /* AppDelegate.swift in Sources */,
				FF0FE1B61E882EF20011B8D7 /* Event.swift in Sources */,
				FF0FE1B21E882EBB0011B8D7 /* ServiceManager.swift in Sources */,
			);
			runOnlyForDeploymentPostprocessing = 0;
		};
		FF0FE1881E8827AF0011B8D7 /* Sources */ = {
			isa = PBXSourcesBuildPhase;
			buildActionMask = 2147483647;
			files = (
				FF0FE1911E8827AF0011B8D7 /* COMP2601A4Client_100999500Tests.swift in Sources */,
			);
			runOnlyForDeploymentPostprocessing = 0;
		};
		FF0FE1931E8827AF0011B8D7 /* Sources */ = {
			isa = PBXSourcesBuildPhase;
			buildActionMask = 2147483647;
			files = (
				FF0FE19C1E8827AF0011B8D7 /* COMP2601A4Client_100999500UITests.swift in Sources */,
			);
			runOnlyForDeploymentPostprocessing = 0;
		};
/* End PBXSourcesBuildPhase section */

/* Begin PBXTargetDependency section */
		FF0FE18E1E8827AF0011B8D7 /* PBXTargetDependency */ = {
			isa = PBXTargetDependency;
			target = FF0FE1751E8827AF0011B8D7 /* COMP2601A4Client-100999500 */;
			targetProxy = FF0FE18D1E8827AF0011B8D7 /* PBXContainerItemProxy */;
		};
		FF0FE1991E8827AF0011B8D7 /* PBXTargetDependency */ = {
			isa = PBXTargetDependency;
			target = FF0FE1751E8827AF0011B8D7 /* COMP2601A4Client-100999500 */;
			targetProxy = FF0FE1981E8827AF0011B8D7 /* PBXContainerItemProxy */;
		};
/* End PBXTargetDependency section */

/* Begin PBXVariantGroup section */
		FF0FE17F1E8827AF0011B8D7 /* Main.storyboard */ = {
			isa = PBXVariantGroup;
			children = (
				FF0FE1801E8827AF0011B8D7 /* Base */,
			);
			name = Main.storyboard;
			sourceTree = "<group>";
		};
		FF0FE1841E8827AF0011B8D7 /* LaunchScreen.storyboard */ = {
			isa = PBXVariantGroup;
			children = (
				FF0FE1851E8827AF0011B8D7 /* Base */,
			);
			name = LaunchScreen.storyboard;
			sourceTree = "<group>";
		};
/* End PBXVariantGroup section */

/* Begin XCBuildConfiguration section */
		FF0FE19E1E8827AF0011B8D7 /* Debug */ = {
			isa = XCBuildConfiguration;
			buildSettings = {
				ALWAYS_SEARCH_USER_PATHS = NO;
				CLANG_ANALYZER_NONNULL = YES;
				CLANG_ANALYZER_NUMBER_OBJECT_CONVERSION = YES_AGGRESSIVE;
				CLANG_CXX_LANGUAGE_STANDARD = "gnu++0x";
				CLANG_CXX_LIBRARY = "libc++";
				CLANG_ENABLE_MODULES = YES;
				CLANG_ENABLE_OBJC_ARC = YES;
				CLANG_WARN_BOOL_CONVERSION = YES;
				CLANG_WARN_CONSTANT_CONVERSION = YES;
				CLANG_WARN_DIRECT_OBJC_ISA_USAGE = YES_ERROR;
				CLANG_WARN_DOCUMENTATION_COMMENTS = YES;
				CLANG_WARN_EMPTY_BODY = YES;
				CLANG_WARN_ENUM_CONVERSION = YES;
				CLANG_WARN_INFINITE_RECURSION = YES;
				CLANG_WARN_INT_CONVERSION = YES;
				CLANG_WARN_OBJC_ROOT_CLASS = YES_ERROR;
				CLANG_WARN_SUSPICIOUS_MOVE = YES;
				CLANG_WARN_UNREACHABLE_CODE = YES;
				CLANG_WARN__DUPLICATE_METHOD_MATCH = YES;
				"CODE_SIGN_IDENTITY[sdk=iphoneos*]" = "iPhone Developer";
				COPY_PHASE_STRIP = NO;
				DEBUG_INFORMATION_FORMAT = dwarf;
				ENABLE_STRICT_OBJC_MSGSEND = YES;
				ENABLE_TESTABILITY = YES;
				GCC_C_LANGUAGE_STANDARD = gnu99;
				GCC_DYNAMIC_NO_PIC = NO;
				GCC_NO_COMMON_BLOCKS = YES;
				GCC_OPTIMIZATION_LEVEL = 0;
				GCC_PREPROCESSOR_DEFINITIONS = (
					"DEBUG=1",
					"$(inherited)",
				);
				GCC_WARN_64_TO_32_BIT_CONVERSION = YES;
				GCC_WARN_ABOUT_RETURN_TYPE = YES_ERROR;
				GCC_WARN_UNDECLARED_SELECTOR = YES;
				GCC_WARN_UNINITIALIZED_AUTOS = YES_AGGRESSIVE;
				GCC_WARN_UNUSED_FUNCTION = YES;
				GCC_WARN_UNUSED_VARIABLE = YES;
				IPHONEOS_DEPLOYMENT_TARGET = 10.3;
				MTL_ENABLE_DEBUG_INFO = YES;
				ONLY_ACTIVE_ARCH = YES;
				SDKROOT = iphoneos;
				SWIFT_ACTIVE_COMPILATION_CONDITIONS = DEBUG;
				SWIFT_OPTIMIZATION_LEVEL = "-Onone";
				TARGETED_DEVICE_FAMILY = "1,2";
			};
			name = Debug;
		};
		FF0FE19F1E8827AF0011B8D7 /* Release */ = {
			isa = XCBuildConfiguration;
			buildSettings = {
				ALWAYS_SEARCH_USER_PATHS = NO;
				CLANG_ANALYZER_NONNULL = YES;
				CLANG_ANALYZER_NUMBER_OBJECT_CONVERSION = YES_AGGRESSIVE;
				CLANG_CXX_LANGUAGE_STANDARD = "gnu++0x";
				CLANG_CXX_LIBRARY = "libc++";
				CLANG_ENABLE_MODULES = YES;
				CLANG_ENABLE_OBJC_ARC = YES;
				CLANG_WARN_BOOL_CONVERSION = YES;
				CLANG_WARN_CONSTANT_CONVERSION = YES;
				CLANG_WARN_DIRECT_OBJC_ISA_USAGE = YES_ERROR;
				CLANG_WARN_DOCUMENTATION_COMMENTS = YES;
				CLANG_WARN_EMPTY_BODY = YES;
				CLANG_WARN_ENUM_CONVERSION = YES;
				CLANG_WARN_INFINITE_RECURSION = YES;
				CLANG_WARN_INT_CONVERSION = YES;
				CLANG_WARN_OBJC_ROOT_CLASS = YES_ERROR;
				CLANG_WARN_SUSPICIOUS_MOVE = YES;
				CLANG_WARN_UNREACHABLE_CODE = YES;
				CLANG_WARN__DUPLICATE_METHOD_MATCH = YES;
				"CODE_SIGN_IDENTITY[sdk=iphoneos*]" = "iPhone Developer";
				COPY_PHASE_STRIP = NO;
				DEBUG_INFORMATION_FORMAT = "dwarf-with-dsym";
				ENABLE_NS_ASSERTIONS = NO;
				ENABLE_STRICT_OBJC_MSGSEND = YES;
				GCC_C_LANGUAGE_STANDARD = gnu99;
				GCC_NO_COMMON_BLOCKS = YES;
				GCC_WARN_64_TO_32_BIT_CONVERSION = YES;
				GCC_WARN_ABOUT_RETURN_TYPE = YES_ERROR;
				GCC_WARN_UNDECLARED_SELECTOR = YES;
				GCC_WARN_UNINITIALIZED_AUTOS = YES_AGGRESSIVE;
				GCC_WARN_UNUSED_FUNCTION = YES;
				GCC_WARN_UNUSED_VARIABLE = YES;
				IPHONEOS_DEPLOYMENT_TARGET = 10.3;
				MTL_ENABLE_DEBUG_INFO = NO;
				SDKROOT = iphoneos;
				SWIFT_OPTIMIZATION_LEVEL = "-Owholemodule";
				TARGETED_DEVICE_FAMILY = "1,2";
				VALIDATE_PRODUCT = YES;
			};
			name = Release;
		};
		FF0FE1A11E8827AF0011B8D7 /* Debug */ = {
			isa = XCBuildConfiguration;
			buildSettings = {
				ASSETCATALOG_COMPILER_APPICON_NAME = AppIcon;
				CLANG_ENABLE_MODULES = YES;
				DEVELOPMENT_TEAM = 2Z33772VE8;
				INFOPLIST_FILE = "COMP2601A4Client-100999500/Info.plist";
				LD_RUNPATH_SEARCH_PATHS = "$(inherited) @executable_path/Frameworks";
				PRODUCT_BUNDLE_IDENTIFIER = "com.averyvine.COMP2601A4Client-100999500";
				PRODUCT_NAME = "$(TARGET_NAME)";
				SWIFT_OBJC_BRIDGING_HEADER = "COMP2601A4Client-100999500/COMP2601A4Client-100999500-Bridging-Header.h";
				SWIFT_OPTIMIZATION_LEVEL = "-Onone";
				SWIFT_VERSION = 3.0;
			};
			name = Debug;
		};
		FF0FE1A21E8827AF0011B8D7 /* Release */ = {
			isa = XCBuildConfiguration;
			buildSettings = {
				ASSETCATALOG_COMPILER_APPICON_NAME = AppIcon;
				CLANG_ENABLE_MODULES = YES;
				DEVELOPMENT_TEAM = 2Z33772VE8;
				INFOPLIST_FILE = "COMP2601A4Client-100999500/Info.plist";
				LD_RUNPATH_SEARCH_PATHS = "$(inherited) @executable_path/Frameworks";
				PRODUCT_BUNDLE_IDENTIFIER = "com.averyvine.COMP2601A4Client-100999500";
				PRODUCT_NAME = "$(TARGET_NAME)";
				SWIFT_OBJC_BRIDGING_HEADER = "COMP2601A4Client-100999500/COMP2601A4Client-100999500-Bridging-Header.h";
				SWIFT_VERSION = 3.0;
			};
			name = Release;
		};
		FF0FE1A41E8827AF0011B8D7 /* Debug */ = {
			isa = XCBuildConfiguration;
			buildSettings = {
				ALWAYS_EMBED_SWIFT_STANDARD_LIBRARIES = YES;
				BUNDLE_LOADER = "$(TEST_HOST)";
				DEVELOPMENT_TEAM = 2Z33772VE8;
				INFOPLIST_FILE = "COMP2601A4Client-100999500Tests/Info.plist";
				LD_RUNPATH_SEARCH_PATHS = "$(inherited) @executable_path/Frameworks @loader_path/Frameworks";
				PRODUCT_BUNDLE_IDENTIFIER = "com.averyvine.COMP2601A4Client-100999500Tests";
				PRODUCT_NAME = "$(TARGET_NAME)";
				SWIFT_VERSION = 3.0;
				TEST_HOST = "$(BUILT_PRODUCTS_DIR)/COMP2601A4Client-100999500.app/COMP2601A4Client-100999500";
			};
			name = Debug;
		};
		FF0FE1A51E8827AF0011B8D7 /* Release */ = {
			isa = XCBuildConfiguration;
			buildSettings = {
				ALWAYS_EMBED_SWIFT_STANDARD_LIBRARIES = YES;
				BUNDLE_LOADER = "$(TEST_HOST)";
				DEVELOPMENT_TEAM = 2Z33772VE8;
				INFOPLIST_FILE = "COMP2601A4Client-100999500Tests/Info.plist";
				LD_RUNPATH_SEARCH_PATHS = "$(inherited) @executable_path/Frameworks @loader_path/Frameworks";
				PRODUCT_BUNDLE_IDENTIFIER = "com.averyvine.COMP2601A4Client-100999500Tests";
				PRODUCT_NAME = "$(TARGET_NAME)";
				SWIFT_VERSION = 3.0;
				TEST_HOST = "$(BUILT_PRODUCTS_DIR)/COMP2601A4Client-100999500.app/COMP2601A4Client-100999500";
			};
			name = Release;
		};
		FF0FE1A71E8827AF0011B8D7 /* Debug */ = {
			isa = XCBuildConfiguration;
			buildSettings = {
				ALWAYS_EMBED_SWIFT_STANDARD_LIBRARIES = YES;
				DEVELOPMENT_TEAM = 2Z33772VE8;
				INFOPLIST_FILE = "COMP2601A4Client-100999500UITests/Info.plist";
				LD_RUNPATH_SEARCH_PATHS = "$(inherited) @executable_path/Frameworks @loader_path/Frameworks";
				PRODUCT_BUNDLE_IDENTIFIER = "com.averyvine.COMP2601A4Client-100999500UITests";
				PRODUCT_NAME = "$(TARGET_NAME)";
				SWIFT_VERSION = 3.0;
				TEST_TARGET_NAME = "COMP2601A4Client-100999500";
			};
			name = Debug;
		};
		FF0FE1A81E8827AF0011B8D7 /* Release */ = {
			isa = XCBuildConfiguration;
			buildSettings = {
				ALWAYS_EMBED_SWIFT_STANDARD_LIBRARIES = YES;
				DEVELOPMENT_TEAM = 2Z33772VE8;
				INFOPLIST_FILE = "COMP2601A4Client-100999500UITests/Info.plist";
				LD_RUNPATH_SEARCH_PATHS = "$(inherited) @executable_path/Frameworks @loader_path/Frameworks";
				PRODUCT_BUNDLE_IDENTIFIER = "com.averyvine.COMP2601A4Client-100999500UITests";
				PRODUCT_NAME = "$(TARGET_NAME)";
				SWIFT_VERSION = 3.0;
				TEST_TARGET_NAME = "COMP2601A4Client-100999500";
			};
			name = Release;
		};
/* End XCBuildConfiguration section */

/* Begin XCConfigurationList section */
		FF0FE1711E8827AF0011B8D7 /* Build configuration list for PBXProject "COMP2601A4Client-100999500" */ = {
			isa = XCConfigurationList;
			buildConfigurations = (
				FF0FE19E1E8827AF0011B8D7 /* Debug */,
				FF0FE19F1E8827AF0011B8D7 /* Release */,
			);
			defaultConfigurationIsVisible = 0;
			defaultConfigurationName = Release;
		};
		FF0FE1A01E8827AF0011B8D7 /* Build configuration list for PBXNativeTarget "COMP2601A4Client-100999500" */ = {
			isa = XCConfigurationList;
			buildConfigurations = (
				FF0FE1A11E8827AF0011B8D7 /* Debug */,
				FF0FE1A21E8827AF0011B8D7 /* Release */,
			);
			defaultConfigurationIsVisible = 0;
			defaultConfigurationName = Release;
		};
		FF0FE1A31E8827AF0011B8D7 /* Build configuration list for PBXNativeTarget "COMP2601A4Client-100999500Tests" */ = {
			isa = XCConfigurationList;
			buildConfigurations = (
				FF0FE1A41E8827AF0011B8D7 /* Debug */,
				FF0FE1A51E8827AF0011B8D7 /* Release */,
			);
			defaultConfigurationIsVisible = 0;
			defaultConfigurationName = Release;
		};
		FF0FE1A61E8827AF0011B8D7 /* Build configuration list for PBXNativeTarget "COMP2601A4Client-100999500UITests" */ = {
			isa = XCConfigurationList;
			buildConfigurations = (
				FF0FE1A71E8827AF0011B8D7 /* Debug */,
				FF0FE1A81E8827AF0011B8D7 /* Release */,
			);
			defaultConfigurationIsVisible = 0;
			defaultConfigurationName = Release;
		};
/* End XCConfigurationList section */
	};
	rootObject = FF0FE16E1E8827AF0011B8D7 /* Project object */;
}
